Microsoft Visual Studio Solution File, Format Version 12.00
# Visual Studio 2012
Project("{FAE04EC0-301F-11D3-BF4B-00C04F79EFBC}") = "CursedFight", "CursedFight.csproj", "{D44F86AF-655B-40D7-87F2-F2E9CB7E9928}"
EndProject
Global
	GlobalSection(SolutionConfigurationPlatforms) = preSolution
	Debug|Any CPU = Debug|Any CPU
	ExportDebug|Any CPU = ExportDebug|Any CPU
	ExportRelease|Any CPU = ExportRelease|Any CPU
	EndGlobalSection
	GlobalSection(ProjectConfigurationPlatforms) = postSolution
		{D44F86AF-655B-40D7-87F2-F2E9CB7E9928}.Debug|Any CPU.ActiveCfg = Debug|Any CPU
		{D44F86AF-655B-40D7-87F2-F2E9CB7E9928}.Debug|Any CPU.Build.0 = Debug|Any CPU
		{D44F86AF-655B-40D7-87F2-F2E9CB7E9928}.ExportDebug|Any CPU.ActiveCfg = ExportDebug|Any CPU
		{D44F86AF-655B-40D7-87F2-F2E9CB7E9928}.ExportDebug|Any CPU.Build.0 = ExportDebug|Any CPU
		{D44F86AF-655B-40D7-87F2-F2E9CB7E9928}.ExportRelease|Any CPU.ActiveCfg = ExportRelease|Any CPU
		{D44F86AF-655B-40D7-87F2-F2E9CB7E9928}.ExportRelease|Any CPU.Build.0 = ExportRelease|Any CPU
	EndGlobalSection
EndGlobal
